
Microsoft Visual Studio Solution File, Format Version 12.00
# Visual Studio Version 16
VisualStudioVersion = 16.0.31112.23
MinimumVisualStudioVersion = 10.0.40219.1
Project("{FAE04EC0-301F-11D3-BF4B-00C04F79EFBC}") = "CalculationEngine.Core", "CalculationEngine.Core\CalculationEngine.Core.csproj", "{2AFF2009-4364-4499-8F08-B63EBB829E8C}"
EndProject
Project("{FAE04EC0-301F-11D3-BF4B-00C04F79EFBC}") = "CalculationEngine.Core.Tests", "CalculationEngine.Core.Tests\CalculationEngine.Core.Tests.csproj", "{2EEAAE39-4CFE-43ED-BC9D-435AF4420829}"
EndProject
Global
	GlobalSection(SolutionConfigurationPlatforms) = preSolution
		Debug|Any CPU = Debug|Any CPU
		Release|Any CPU = Release|Any CPU
	EndGlobalSection
	GlobalSection(ProjectConfigurationPlatforms) = postSolution
		{2AFF2009-4364-4499-8F08-B63EBB829E8C}.Debug|Any CPU.ActiveCfg = Debug|Any CPU
		{2AFF2009-4364-4499-8F08-B63EBB829E8C}.Debug|Any CPU.Build.0 = Debug|Any CPU
		{2AFF2009-4364-4499-8F08-B63EBB829E8C}.Release|Any CPU.ActiveCfg = Release|Any CPU
		{2AFF2009-4364-4499-8F08-B63EBB829E8C}.Release|Any CPU.Build.0 = Release|Any CPU
		{2EEAAE39-4CFE-43ED-BC9D-435AF4420829}.Debug|Any CPU.ActiveCfg = Debug|Any CPU
		{2EEAAE39-4CFE-43ED-BC9D-435AF4420829}.Debug|Any CPU.Build.0 = Debug|Any CPU
		{2EEAAE39-4CFE-43ED-BC9D-435AF4420829}.Release|Any CPU.ActiveCfg = Release|Any CPU
		{2EEAAE39-4CFE-43ED-BC9D-435AF4420829}.Release|Any CPU.Build.0 = Release|Any CPU
	EndGlobalSection
	GlobalSection(SolutionProperties) = preSolution
		HideSolutionNode = FALSE
	EndGlobalSection
	GlobalSection(ExtensibilityGlobals) = postSolution
		SolutionGuid = {02B41801-518C-4C85-AB39-E06A4233795E}
	EndGlobalSection
EndGlobal
